{
  "requires": true,
  "lockfileVersion": 1,
  "dependencies": {
    "@primer/octicons": {
      "version": "9.3.1",
      "resolved": "https://registry.npmjs.org/@primer/octicons/-/octicons-9.3.1.tgz",
      "integrity": "sha512-E0Knv/hUfwpfJOVh7cPXXJf6gfNiIMBtMbhnqjkWHnpT/+bPJk4Q3l/YG6sCWELZ05KYpHBunpHNOlTyw3mbwg==",
      "requires": {
        "object-assign": "4.1.1"
      }
    },
    "@types/jquery": {
      "version": "3.3.31",
      "resolved": "https://registry.npmjs.org/@types/jquery/-/jquery-3.3.31.tgz",
      "integrity": "sha512-Lz4BAJihoFw5nRzKvg4nawXPzutkv7wmfQ5121avptaSIXlDNJCUuxZxX/G+9EVidZGuO0UBlk+YjKbwRKJigg==",
      "requires": {
        "@types/sizzle": "2.3.2"
      }
    },
    "@types/node": {
      "version": "13.1.6",
      "resolved": "https://registry.npmjs.org/@types/node/-/node-13.1.6.tgz",
      "integrity": "sha512-Jg1F+bmxcpENHP23sVKkNuU3uaxPnsBMW0cLjleiikFKomJQbsn0Cqk2yDvQArqzZN6ABfBkZ0To7pQ8sLdWDg=="
    },
    "@types/sizzle": {
      "version": "2.3.2",
      "resolved": "https://registry.npmjs.org/@types/sizzle/-/sizzle-2.3.2.tgz",
      "integrity": "sha512-7EJYyKTL7tFR8+gDbB6Wwz/arpGa0Mywk1TJbNzKzHtzbwVmY4HR9WqS5VV7dsBUKQmPNr192jHr/VpBluj/hg=="
    },
    "bootstrap-icons": {
      "version": "1.0.0-alpha2",
      "resolved": "https://registry.npmjs.org/bootstrap-icons/-/bootstrap-icons-1.0.0-alpha2.tgz",
      "integrity": "sha512-7Tsip8n6GX0zoMm3l5eHWFYynq9CX8QlnWEJ1O42GwtwKOcc4bNZTW1tdhGGS+Q6oSgpTvvi08fZkdyfrqPp2w=="
    },
    "object-assign": {
      "version": "4.1.1",
      "resolved": "https://registry.npmjs.org/object-assign/-/object-assign-4.1.1.tgz",
      "integrity": "sha1-IQmtx5ZYh8/AXLvUQsrIv7s2CGM="
    },
    "octicons-webfont": {
      "version": "1.2.1",
      "resolved": "https://registry.npmjs.org/octicons-webfont/-/octicons-webfont-1.2.1.tgz",
      "integrity": "sha512-buEXo3NfQdlWA6eMH3wF2eGOn2FuEBq2j3zD0K5LW1AowdBzyz7G1x7RX8XaMzYgl5wZ9z3hHcUn3Z7+BDXzjA==",
      "requires": {
        "@primer/octicons": "9.3.1"
      },
      "dependencies": {
        "@primer/octicons": {
          "version": "9.3.1",
          "bundled": true,
          "requires": {
            "object-assign": "4.1.1"
          }
        },
        "object-assign": {
          "version": "4.1.1",
          "bundled": true
        }
      }
    },
    "requirejs": {
      "version": "2.3.6",
      "resolved": "https://registry.npmjs.org/requirejs/-/requirejs-2.3.6.tgz",
      "integrity": "sha512-ipEzlWQe6RK3jkzikgCupiTbTvm4S0/CAU5GlgptkN5SO6F3u0UD0K18wy6ErDqiCyP4J4YYe1HuAShvsxePLg=="
    }
  }
}
