
Microsoft Visual Studio Solution File, Format Version 12.00
# Visual Studio Version 16
VisualStudioVersion = 16.0.29613.14
MinimumVisualStudioVersion = 10.0.40219.1
Project("{9A19103F-16F7-4668-BE54-9A1E7A4F7556}") = "TBTT_Data", "TBTT_Data\TBTT_Data.csproj", "{8ED337D2-4154-40FB-A956-DF534206959C}"
EndProject
Project("{9A19103F-16F7-4668-BE54-9A1E7A4F7556}") = "TBTT_Board", "TBTT_Board\TBTT_Board.csproj", "{715BA839-CCC9-49AB-B0FC-2AB57EB8281B}"
EndProject
Project("{9A19103F-16F7-4668-BE54-9A1E7A4F7556}") = "TBTT_Logging", "TBTT_Logging\TBTT_Logging.csproj", "{A93777F2-64F3-49B8-BCF0-CFADCAE06927}"
EndProject
Global
	GlobalSection(SolutionConfigurationPlatforms) = preSolution
		Debug|Any CPU = Debug|Any CPU
		Release|Any CPU = Release|Any CPU
	EndGlobalSection
	GlobalSection(ProjectConfigurationPlatforms) = postSolution
		{8ED337D2-4154-40FB-A956-DF534206959C}.Debug|Any CPU.ActiveCfg = Debug|Any CPU
		{8ED337D2-4154-40FB-A956-DF534206959C}.Debug|Any CPU.Build.0 = Debug|Any CPU
		{8ED337D2-4154-40FB-A956-DF534206959C}.Release|Any CPU.ActiveCfg = Release|Any CPU
		{8ED337D2-4154-40FB-A956-DF534206959C}.Release|Any CPU.Build.0 = Release|Any CPU
		{715BA839-CCC9-49AB-B0FC-2AB57EB8281B}.Debug|Any CPU.ActiveCfg = Debug|Any CPU
		{715BA839-CCC9-49AB-B0FC-2AB57EB8281B}.Debug|Any CPU.Build.0 = Debug|Any CPU
		{715BA839-CCC9-49AB-B0FC-2AB57EB8281B}.Release|Any CPU.ActiveCfg = Release|Any CPU
		{715BA839-CCC9-49AB-B0FC-2AB57EB8281B}.Release|Any CPU.Build.0 = Release|Any CPU
		{A93777F2-64F3-49B8-BCF0-CFADCAE06927}.Debug|Any CPU.ActiveCfg = Debug|Any CPU
		{A93777F2-64F3-49B8-BCF0-CFADCAE06927}.Debug|Any CPU.Build.0 = Debug|Any CPU
		{A93777F2-64F3-49B8-BCF0-CFADCAE06927}.Release|Any CPU.ActiveCfg = Release|Any CPU
		{A93777F2-64F3-49B8-BCF0-CFADCAE06927}.Release|Any CPU.Build.0 = Release|Any CPU
	EndGlobalSection
	GlobalSection(SolutionProperties) = preSolution
		HideSolutionNode = FALSE
	EndGlobalSection
	GlobalSection(ExtensibilityGlobals) = postSolution
		SolutionGuid = {4729D12A-E2A2-4D93-AFFC-5A814FA85B41}
	EndGlobalSection
EndGlobal
